
Microsoft Visual Studio Solution File, Format Version 12.00
# Visual Studio Version 17
VisualStudioVersion = 17.13.35931.197
MinimumVisualStudioVersion = 10.0.40219.1
Project("{2150E333-8FDC-42A3-9474-1A3956D46DE8}") = "Services", "Services", "{02EA681E-C7D8-13C7-8484-4AC65E1B71E8}"
EndProject
Project("{2150E333-8FDC-42A3-9474-1A3956D46DE8}") = "Catalog", "Catalog", "{2E0F0C21-4B96-4F94-9FD4-8D2FB7FD07C0}"
EndProject
Project("{FAE04EC0-301F-11D3-BF4B-00C04F79EFBC}") = "CatalogAPI", "Services\Catalog\CatalogAPI\CatalogAPI.csproj", "{0AD9EA93-9003-4152-8536-48BCB3F815FB}"
EndProject
Project("{2150E333-8FDC-42A3-9474-1A3956D46DE8}") = "BuildingBlocks", "BuildingBlocks", "{2BDC711F-C96C-49F0-8308-F7E63657ABA9}"
EndProject
Project("{FAE04EC0-301F-11D3-BF4B-00C04F79EFBC}") = "BuildingBlocks", "BuildingBlocks\BuildingBlocks\BuildingBlocks.csproj", "{0F73EFEB-3229-4392-83B3-F545DA2DE568}"
EndProject
Project("{2150E333-8FDC-42A3-9474-1A3956D46DE8}") = "Basket", "Basket", "{F389D3F4-464B-4B27-8B4B-D3CC901925D4}"
EndProject
Project("{E53339B2-1760-4266-BCC7-CA923CBCF16C}") = "docker-compose", "docker-compose.dcproj", "{81DDED9D-158B-E303-5F62-77A2896D2A5A}"
EndProject
Project("{FAE04EC0-301F-11D3-BF4B-00C04F79EFBC}") = "Basket.API", "Services\Basket\Basket.API\Basket.API.csproj", "{78F06FE9-B3C0-4F92-851F-F7A98F850A98}"
EndProject
Project("{2150E333-8FDC-42A3-9474-1A3956D46DE8}") = "Discount", "Discount", "{0A6F7025-5D51-4390-80A3-6D9F31598E73}"
EndProject
Project("{FAE04EC0-301F-11D3-BF4B-00C04F79EFBC}") = "Discount.Grpc", "Services\Discount\Discount.Grpc\Discount.Grpc.csproj", "{1AB1D805-9B31-411B-A1F3-99FDFCF35E39}"
EndProject
Project("{2150E333-8FDC-42A3-9474-1A3956D46DE8}") = "Ordering", "Ordering", "{59D44E0D-65FC-46C4-9B8F-C684048F0585}"
EndProject
Project("{FAE04EC0-301F-11D3-BF4B-00C04F79EFBC}") = "Ordering.API", "Services\Ordering\Ordering.API\Ordering.API.csproj", "{9029C66C-FA2B-4076-A61D-9FF5D285EDEE}"
EndProject
Project("{FAE04EC0-301F-11D3-BF4B-00C04F79EFBC}") = "Ordering.Domain", "Services\Ordering\Ordering.Domain\Ordering.Domain.csproj", "{940AACC8-3BB6-42CE-B7CC-E145091A9410}"
EndProject
Project("{FAE04EC0-301F-11D3-BF4B-00C04F79EFBC}") = "Ordering.Application", "Services\Ordering\Ordering.Application\Ordering.Application.csproj", "{13717B29-1E68-4BC1-9B96-5DCD4C287D5C}"
EndProject
Project("{FAE04EC0-301F-11D3-BF4B-00C04F79EFBC}") = "Ordering.Infrastructure", "Services\Ordering\Ordering.Infrastructure\Ordering.Infrastructure.csproj", "{97D34AA6-C609-4EB6-B27D-85F89A1D9BAF}"
EndProject
Project("{FAE04EC0-301F-11D3-BF4B-00C04F79EFBC}") = "BuildingBlocks.Messaging", "BuildingBlocks\BuildingBlocks.Messaging\BuildingBlocks.Messaging.csproj", "{453CB832-13E3-4AB1-929E-29A391E03BD5}"
EndProject
Project("{2150E333-8FDC-42A3-9474-1A3956D46DE8}") = "ApiGateways", "ApiGateways", "{3AE41EC2-5382-457C-B975-D85C6D6FB512}"
EndProject
Project("{FAE04EC0-301F-11D3-BF4B-00C04F79EFBC}") = "YarpApiGateway", "ApiGateways\YarpApiGateway\YarpApiGateway.csproj", "{170361F4-FBDF-4ACD-A4BD-FB9507F87FC0}"
EndProject
Project("{2150E333-8FDC-42A3-9474-1A3956D46DE8}") = "WebApps", "WebApps", "{4D191259-07E5-474E-BF60-5D118E5FB13A}"
EndProject
Project("{FAE04EC0-301F-11D3-BF4B-00C04F79EFBC}") = "Shopping.Web", "WebApps\Shopping.Web\Shopping.Web.csproj", "{F140CADD-714F-4C2E-AB6C-FD3CBE144507}"
EndProject
Global
	GlobalSection(SolutionConfigurationPlatforms) = preSolution
		Debug|Any CPU = Debug|Any CPU
		Release|Any CPU = Release|Any CPU
	EndGlobalSection
	GlobalSection(ProjectConfigurationPlatforms) = postSolution
		{0AD9EA93-9003-4152-8536-48BCB3F815FB}.Debug|Any CPU.ActiveCfg = Debug|Any CPU
		{0AD9EA93-9003-4152-8536-48BCB3F815FB}.Debug|Any CPU.Build.0 = Debug|Any CPU
		{0AD9EA93-9003-4152-8536-48BCB3F815FB}.Release|Any CPU.ActiveCfg = Release|Any CPU
		{0AD9EA93-9003-4152-8536-48BCB3F815FB}.Release|Any CPU.Build.0 = Release|Any CPU
		{0F73EFEB-3229-4392-83B3-F545DA2DE568}.Debug|Any CPU.ActiveCfg = Debug|Any CPU
		{0F73EFEB-3229-4392-83B3-F545DA2DE568}.Debug|Any CPU.Build.0 = Debug|Any CPU
		{0F73EFEB-3229-4392-83B3-F545DA2DE568}.Release|Any CPU.ActiveCfg = Release|Any CPU
		{0F73EFEB-3229-4392-83B3-F545DA2DE568}.Release|Any CPU.Build.0 = Release|Any CPU
		{81DDED9D-158B-E303-5F62-77A2896D2A5A}.Debug|Any CPU.ActiveCfg = Debug|Any CPU
		{81DDED9D-158B-E303-5F62-77A2896D2A5A}.Debug|Any CPU.Build.0 = Debug|Any CPU
		{81DDED9D-158B-E303-5F62-77A2896D2A5A}.Release|Any CPU.ActiveCfg = Release|Any CPU
		{81DDED9D-158B-E303-5F62-77A2896D2A5A}.Release|Any CPU.Build.0 = Release|Any CPU
		{78F06FE9-B3C0-4F92-851F-F7A98F850A98}.Debug|Any CPU.ActiveCfg = Debug|Any CPU
		{78F06FE9-B3C0-4F92-851F-F7A98F850A98}.Debug|Any CPU.Build.0 = Debug|Any CPU
		{78F06FE9-B3C0-4F92-851F-F7A98F850A98}.Release|Any CPU.ActiveCfg = Release|Any CPU
		{78F06FE9-B3C0-4F92-851F-F7A98F850A98}.Release|Any CPU.Build.0 = Release|Any CPU
		{1AB1D805-9B31-411B-A1F3-99FDFCF35E39}.Debug|Any CPU.ActiveCfg = Debug|Any CPU
		{1AB1D805-9B31-411B-A1F3-99FDFCF35E39}.Debug|Any CPU.Build.0 = Debug|Any CPU
		{1AB1D805-9B31-411B-A1F3-99FDFCF35E39}.Release|Any CPU.ActiveCfg = Release|Any CPU
		{1AB1D805-9B31-411B-A1F3-99FDFCF35E39}.Release|Any CPU.Build.0 = Release|Any CPU
		{9029C66C-FA2B-4076-A61D-9FF5D285EDEE}.Debug|Any CPU.ActiveCfg = Debug|Any CPU
		{9029C66C-FA2B-4076-A61D-9FF5D285EDEE}.Debug|Any CPU.Build.0 = Debug|Any CPU
		{9029C66C-FA2B-4076-A61D-9FF5D285EDEE}.Release|Any CPU.ActiveCfg = Release|Any CPU
		{9029C66C-FA2B-4076-A61D-9FF5D285EDEE}.Release|Any CPU.Build.0 = Release|Any CPU
		{940AACC8-3BB6-42CE-B7CC-E145091A9410}.Debug|Any CPU.ActiveCfg = Debug|Any CPU
		{940AACC8-3BB6-42CE-B7CC-E145091A9410}.Debug|Any CPU.Build.0 = Debug|Any CPU
		{940AACC8-3BB6-42CE-B7CC-E145091A9410}.Release|Any CPU.ActiveCfg = Release|Any CPU
		{940AACC8-3BB6-42CE-B7CC-E145091A9410}.Release|Any CPU.Build.0 = Release|Any CPU
		{13717B29-1E68-4BC1-9B96-5DCD4C287D5C}.Debug|Any CPU.ActiveCfg = Debug|Any CPU
		{13717B29-1E68-4BC1-9B96-5DCD4C287D5C}.Debug|Any CPU.Build.0 = Debug|Any CPU
		{13717B29-1E68-4BC1-9B96-5DCD4C287D5C}.Release|Any CPU.ActiveCfg = Release|Any CPU
		{13717B29-1E68-4BC1-9B96-5DCD4C287D5C}.Release|Any CPU.Build.0 = Release|Any CPU
		{97D34AA6-C609-4EB6-B27D-85F89A1D9BAF}.Debug|Any CPU.ActiveCfg = Debug|Any CPU
		{97D34AA6-C609-4EB6-B27D-85F89A1D9BAF}.Debug|Any CPU.Build.0 = Debug|Any CPU
		{97D34AA6-C609-4EB6-B27D-85F89A1D9BAF}.Release|Any CPU.ActiveCfg = Release|Any CPU
		{97D34AA6-C609-4EB6-B27D-85F89A1D9BAF}.Release|Any CPU.Build.0 = Release|Any CPU
		{453CB832-13E3-4AB1-929E-29A391E03BD5}.Debug|Any CPU.ActiveCfg = Debug|Any CPU
		{453CB832-13E3-4AB1-929E-29A391E03BD5}.Debug|Any CPU.Build.0 = Debug|Any CPU
		{453CB832-13E3-4AB1-929E-29A391E03BD5}.Release|Any CPU.ActiveCfg = Release|Any CPU
		{453CB832-13E3-4AB1-929E-29A391E03BD5}.Release|Any CPU.Build.0 = Release|Any CPU
		{170361F4-FBDF-4ACD-A4BD-FB9507F87FC0}.Debug|Any CPU.ActiveCfg = Debug|Any CPU
		{170361F4-FBDF-4ACD-A4BD-FB9507F87FC0}.Debug|Any CPU.Build.0 = Debug|Any CPU
		{170361F4-FBDF-4ACD-A4BD-FB9507F87FC0}.Release|Any CPU.ActiveCfg = Release|Any CPU
		{170361F4-FBDF-4ACD-A4BD-FB9507F87FC0}.Release|Any CPU.Build.0 = Release|Any CPU
		{F140CADD-714F-4C2E-AB6C-FD3CBE144507}.Debug|Any CPU.ActiveCfg = Debug|Any CPU
		{F140CADD-714F-4C2E-AB6C-FD3CBE144507}.Debug|Any CPU.Build.0 = Debug|Any CPU
		{F140CADD-714F-4C2E-AB6C-FD3CBE144507}.Release|Any CPU.ActiveCfg = Release|Any CPU
		{F140CADD-714F-4C2E-AB6C-FD3CBE144507}.Release|Any CPU.Build.0 = Release|Any CPU
	EndGlobalSection
	GlobalSection(SolutionProperties) = preSolution
		HideSolutionNode = FALSE
	EndGlobalSection
	GlobalSection(NestedProjects) = preSolution
		{2E0F0C21-4B96-4F94-9FD4-8D2FB7FD07C0} = {02EA681E-C7D8-13C7-8484-4AC65E1B71E8}
		{0AD9EA93-9003-4152-8536-48BCB3F815FB} = {2E0F0C21-4B96-4F94-9FD4-8D2FB7FD07C0}
		{0F73EFEB-3229-4392-83B3-F545DA2DE568} = {2BDC711F-C96C-49F0-8308-F7E63657ABA9}
		{F389D3F4-464B-4B27-8B4B-D3CC901925D4} = {02EA681E-C7D8-13C7-8484-4AC65E1B71E8}
		{78F06FE9-B3C0-4F92-851F-F7A98F850A98} = {F389D3F4-464B-4B27-8B4B-D3CC901925D4}
		{0A6F7025-5D51-4390-80A3-6D9F31598E73} = {02EA681E-C7D8-13C7-8484-4AC65E1B71E8}
		{1AB1D805-9B31-411B-A1F3-99FDFCF35E39} = {0A6F7025-5D51-4390-80A3-6D9F31598E73}
		{59D44E0D-65FC-46C4-9B8F-C684048F0585} = {02EA681E-C7D8-13C7-8484-4AC65E1B71E8}
		{9029C66C-FA2B-4076-A61D-9FF5D285EDEE} = {59D44E0D-65FC-46C4-9B8F-C684048F0585}
		{940AACC8-3BB6-42CE-B7CC-E145091A9410} = {59D44E0D-65FC-46C4-9B8F-C684048F0585}
		{13717B29-1E68-4BC1-9B96-5DCD4C287D5C} = {59D44E0D-65FC-46C4-9B8F-C684048F0585}
		{97D34AA6-C609-4EB6-B27D-85F89A1D9BAF} = {59D44E0D-65FC-46C4-9B8F-C684048F0585}
		{453CB832-13E3-4AB1-929E-29A391E03BD5} = {2BDC711F-C96C-49F0-8308-F7E63657ABA9}
		{170361F4-FBDF-4ACD-A4BD-FB9507F87FC0} = {3AE41EC2-5382-457C-B975-D85C6D6FB512}
		{F140CADD-714F-4C2E-AB6C-FD3CBE144507} = {4D191259-07E5-474E-BF60-5D118E5FB13A}
	EndGlobalSection
	GlobalSection(ExtensibilityGlobals) = postSolution
		SolutionGuid = {4CEC44FE-9B43-458F-896D-B295491CCBCE}
	EndGlobalSection
EndGlobal
